
Microsoft Visual Studio Solution File, Format Version 12.00
# Visual Studio Version 16
VisualStudioVersion = 16.0.31613.86
MinimumVisualStudioVersion = 10.0.40219.1
Project("{FAE04EC0-301F-11D3-BF4B-00C04F79EFBC}") = "ServiceBusTopicSender", "ServiceBusTopicSender\ServiceBusTopicSender.csproj", "{0456B187-5FCF-49A7-A2E6-4C9280AD4921}"
EndProject
Global
	GlobalSection(SolutionConfigurationPlatforms) = preSolution
		Debug|Any CPU = Debug|Any CPU
		Release|Any CPU = Release|Any CPU
	EndGlobalSection
	GlobalSection(ProjectConfigurationPlatforms) = postSolution
		{0456B187-5FCF-49A7-A2E6-4C9280AD4921}.Debug|Any CPU.ActiveCfg = Debug|Any CPU
		{0456B187-5FCF-49A7-A2E6-4C9280AD4921}.Debug|Any CPU.Build.0 = Debug|Any CPU
		{0456B187-5FCF-49A7-A2E6-4C9280AD4921}.Release|Any CPU.ActiveCfg = Release|Any CPU
		{0456B187-5FCF-49A7-A2E6-4C9280AD4921}.Release|Any CPU.Build.0 = Release|Any CPU
	EndGlobalSection
	GlobalSection(SolutionProperties) = preSolution
		HideSolutionNode = FALSE
	EndGlobalSection
	GlobalSection(ExtensibilityGlobals) = postSolution
		SolutionGuid = {AFE80F85-087B-4422-A846-DB78067FB628}
	EndGlobalSection
EndGlobal
